
Microsoft Visual Studio Solution File, Format Version 12.00
# Visual Studio Version 17
VisualStudioVersion = 17.11.35312.102
MinimumVisualStudioVersion = 10.0.40219.1
Project("{FAE04EC0-301F-11D3-BF4B-00C04F79EFBC}") = "project1", "project1\project1.csproj", "{4688E59F-AF8D-4A6B-9296-EBFC2BB31490}"
EndProject
Global
	GlobalSection(SolutionConfigurationPlatforms) = preSolution
		Debug|Any CPU = Debug|Any CPU
		Release|Any CPU = Release|Any CPU
	EndGlobalSection
	GlobalSection(ProjectConfigurationPlatforms) = postSolution
		{4688E59F-AF8D-4A6B-9296-EBFC2BB31490}.Debug|Any CPU.ActiveCfg = Debug|Any CPU
		{4688E59F-AF8D-4A6B-9296-EBFC2BB31490}.Debug|Any CPU.Build.0 = Debug|Any CPU
		{4688E59F-AF8D-4A6B-9296-EBFC2BB31490}.Release|Any CPU.ActiveCfg = Release|Any CPU
		{4688E59F-AF8D-4A6B-9296-EBFC2BB31490}.Release|Any CPU.Build.0 = Release|Any CPU
	EndGlobalSection
	GlobalSection(SolutionProperties) = preSolution
		HideSolutionNode = FALSE
	EndGlobalSection
	GlobalSection(ExtensibilityGlobals) = postSolution
		SolutionGuid = {DF365109-4859-4F1C-9B24-E6469DFB2563}
	EndGlobalSection
EndGlobal
